{
  "version": 4,
  "terraform_version": "1.0.9",
  "serial": 2644,
  "lineage": "ee03324a-74a7-e21e-713e-81e271eda376",
  "outputs": {},
  "resources": [
    {
      "module": "module.env-def.module.route",
      "mode": "managed",
      "type": "aws_route53_zone",
      "name": "private_zone",
      "provider": "provider[\"registry.terraform.io/hashicorp/aws\"]",
      "instances": [
        {
          "schema_version": 0,
          "attributes": {
            "arn": "arn:aws:route53:::hostedzone/Z037611726WQHTUK4P6KE",
            "comment": "Managed by Terraform",
            "delegation_set_id": "",
            "force_destroy": false,
            "id": "Z037611726WQHTUK4P6KE",
            "name": "myrasabot.com",
            "name_servers": [
              "ns-0.awsdns-00.com.",
              "ns-1024.awsdns-00.org.",
              "ns-1536.awsdns-00.co.uk.",
              "ns-512.awsdns-00.net."
            ],
            "tags": {},
            "tags_all": {},
            "vpc": [
              {
                "vpc_id": "vpc-0e334efabc27454c0",
                "vpc_region": "us-east-1"
              }
            ],
            "zone_id": "Z037611726WQHTUK4P6KE"
          },
          "sensitive_attributes": [],
          "private": "bnVsbA==",
          "dependencies": [
            "module.env-def.module.vpc.aws_vpc.ecs-vpc"
          ]
        }
      ]
    },
    {
      "module": "module.env-def.module.vpc",
      "mode": "managed",
      "type": "aws_vpc",
      "name": "ecs-vpc",
      "provider": "provider[\"registry.terraform.io/hashicorp/aws\"]",
      "instances": [
        {
          "schema_version": 1,
          "attributes": {
            "arn": "arn:aws:ec2:us-east-1:425178540181:vpc/vpc-0e334efabc27454c0",
            "assign_generated_ipv6_cidr_block": false,
            "cidr_block": "10.0.0.0/16",
            "default_network_acl_id": "acl-08c0dfdf1b57bfc3a",
            "default_route_table_id": "rtb-071089f950aec2462",
            "default_security_group_id": "sg-04555dbf243a26155",
            "dhcp_options_id": "dopt-916222eb",
            "enable_classiclink": false,
            "enable_classiclink_dns_support": false,
            "enable_dns_hostnames": true,
            "enable_dns_support": true,
            "id": "vpc-0e334efabc27454c0",
            "instance_tenancy": "default",
            "ipv6_association_id": "",
            "ipv6_cidr_block": "",
            "main_route_table_id": "rtb-071089f950aec2462",
            "owner_id": "425178540181",
            "tags": {
              "Deployment": "avb-hdi-dev",
              "Environment": "dev",
              "Name": "avb-hdi-dev-vpc",
              "Prefix": "avb-hdi",
              "Region": "us-east-1",
              "Terraform": "true"
            },
            "tags_all": {
              "Deployment": "avb-hdi-dev",
              "Environment": "dev",
              "Name": "avb-hdi-dev-vpc",
              "Prefix": "avb-hdi",
              "Region": "us-east-1",
              "Terraform": "true"
            }
          },
          "sensitive_attributes": [],
          "private": "eyJzY2hlbWFfdmVyc2lvbiI6IjEifQ==",
          "create_before_destroy": true
        }
      ]
    }
  ]
}
